
Microsoft Visual Studio Solution File, Format Version 12.00
# Visual Studio Version 17
VisualStudioVersion = 17.14.36109.1
MinimumVisualStudioVersion = 10.0.40219.1
Project("{2150E333-8FDC-42A3-9474-1A3956D46DE8}") = "Services", "Services", "{02EA681E-C7D8-13C7-8484-4AC65E1B71E8}"
EndProject
Project("{2150E333-8FDC-42A3-9474-1A3956D46DE8}") = "AuthService", "AuthService", "{811D30DB-3D54-422B-A9BC-27AD732789ED}"
EndProject
Project("{FAE04EC0-301F-11D3-BF4B-00C04F79EFBC}") = "AuthService.API", "AuthService.API\AuthService.API.csproj", "{8D02475A-EAE4-4F49-873F-C7BD6430131A}"
EndProject
Project("{FAE04EC0-301F-11D3-BF4B-00C04F79EFBC}") = "AuthService.Application", "AuthService.Application\AuthService.Application.csproj", "{7E292398-42D9-4089-B8DB-78FDD510D4E6}"
EndProject
Project("{FAE04EC0-301F-11D3-BF4B-00C04F79EFBC}") = "AuthService.Domain", "AuthService.Domain\AuthService.Domain.csproj", "{409FFFB2-F677-48A0-A8D1-2752A610195F}"
EndProject
Project("{FAE04EC0-301F-11D3-BF4B-00C04F79EFBC}") = "AuthService.Infrastructure", "AuthService.Infrastructure\AuthService.Infrastructure.csproj", "{900D2898-B101-49C6-8D8E-AF636D3C06AA}"
EndProject
Project("{FAE04EC0-301F-11D3-BF4B-00C04F79EFBC}") = "AuthService.Contracts", "AuthService.Contracts\AuthService.Contracts.csproj", "{D18876EC-3E75-4A3F-AFB5-BE979B8E65B2}"
EndProject
Project("{FAE04EC0-301F-11D3-BF4B-00C04F79EFBC}") = "AuthService.Tests", "AuthService.Tests\AuthService.Tests.csproj", "{16467451-C4F9-49DA-A99D-82DF3311AE27}"
EndProject
Project("{2150E333-8FDC-42A3-9474-1A3956D46DE8}") = "CatalogService", "CatalogService", "{D2A12347-26E6-479E-9DEF-593B4F8402F5}"
EndProject
Project("{FAE04EC0-301F-11D3-BF4B-00C04F79EFBC}") = "CatalogService.API", "CatalogService.API\CatalogService.API.csproj", "{C2FD481F-C13F-4079-AD27-82D4861ADA89}"
EndProject
Project("{FAE04EC0-301F-11D3-BF4B-00C04F79EFBC}") = "CatalogService.Application", "CatalogService.Application\CatalogService.Application.csproj", "{EDB3FBB5-20E6-4922-8A65-9FE02894DF9C}"
EndProject
Project("{FAE04EC0-301F-11D3-BF4B-00C04F79EFBC}") = "CatalogService.Domain", "CatalogService.Domain\CatalogService.Domain.csproj", "{38359D8F-D768-456C-A3D2-FF66FB100A48}"
EndProject
Project("{FAE04EC0-301F-11D3-BF4B-00C04F79EFBC}") = "CatalogService.Infrastructure", "CatalogService.Infrastructure\CatalogService.Infrastructure.csproj", "{CCFEF5EB-C747-4841-9B9C-E83961D13EFA}"
EndProject
Project("{FAE04EC0-301F-11D3-BF4B-00C04F79EFBC}") = "CatalogService.Contracts", "CatalogService.Contracts\CatalogService.Contracts.csproj", "{05FC6532-6183-47E9-BCBC-6C510F1863FB}"
EndProject
Project("{FAE04EC0-301F-11D3-BF4B-00C04F79EFBC}") = "CatalogService.Tests", "CatalogService.Tests\CatalogService.Tests.csproj", "{3F669FD9-5C09-49DC-838C-37B38F388BE5}"
EndProject
Global
	GlobalSection(SolutionConfigurationPlatforms) = preSolution
		Debug|Any CPU = Debug|Any CPU
		Release|Any CPU = Release|Any CPU
	EndGlobalSection
	GlobalSection(ProjectConfigurationPlatforms) = postSolution
		{8D02475A-EAE4-4F49-873F-C7BD6430131A}.Debug|Any CPU.ActiveCfg = Debug|Any CPU
		{8D02475A-EAE4-4F49-873F-C7BD6430131A}.Debug|Any CPU.Build.0 = Debug|Any CPU
		{8D02475A-EAE4-4F49-873F-C7BD6430131A}.Release|Any CPU.ActiveCfg = Release|Any CPU
		{8D02475A-EAE4-4F49-873F-C7BD6430131A}.Release|Any CPU.Build.0 = Release|Any CPU
		{7E292398-42D9-4089-B8DB-78FDD510D4E6}.Debug|Any CPU.ActiveCfg = Debug|Any CPU
		{7E292398-42D9-4089-B8DB-78FDD510D4E6}.Debug|Any CPU.Build.0 = Debug|Any CPU
		{7E292398-42D9-4089-B8DB-78FDD510D4E6}.Release|Any CPU.ActiveCfg = Release|Any CPU
		{7E292398-42D9-4089-B8DB-78FDD510D4E6}.Release|Any CPU.Build.0 = Release|Any CPU
		{409FFFB2-F677-48A0-A8D1-2752A610195F}.Debug|Any CPU.ActiveCfg = Debug|Any CPU
		{409FFFB2-F677-48A0-A8D1-2752A610195F}.Debug|Any CPU.Build.0 = Debug|Any CPU
		{409FFFB2-F677-48A0-A8D1-2752A610195F}.Release|Any CPU.ActiveCfg = Release|Any CPU
		{409FFFB2-F677-48A0-A8D1-2752A610195F}.Release|Any CPU.Build.0 = Release|Any CPU
		{900D2898-B101-49C6-8D8E-AF636D3C06AA}.Debug|Any CPU.ActiveCfg = Debug|Any CPU
		{900D2898-B101-49C6-8D8E-AF636D3C06AA}.Debug|Any CPU.Build.0 = Debug|Any CPU
		{900D2898-B101-49C6-8D8E-AF636D3C06AA}.Release|Any CPU.ActiveCfg = Release|Any CPU
		{900D2898-B101-49C6-8D8E-AF636D3C06AA}.Release|Any CPU.Build.0 = Release|Any CPU
		{D18876EC-3E75-4A3F-AFB5-BE979B8E65B2}.Debug|Any CPU.ActiveCfg = Debug|Any CPU
		{D18876EC-3E75-4A3F-AFB5-BE979B8E65B2}.Debug|Any CPU.Build.0 = Debug|Any CPU
		{D18876EC-3E75-4A3F-AFB5-BE979B8E65B2}.Release|Any CPU.ActiveCfg = Release|Any CPU
		{D18876EC-3E75-4A3F-AFB5-BE979B8E65B2}.Release|Any CPU.Build.0 = Release|Any CPU
		{16467451-C4F9-49DA-A99D-82DF3311AE27}.Debug|Any CPU.ActiveCfg = Debug|Any CPU
		{16467451-C4F9-49DA-A99D-82DF3311AE27}.Debug|Any CPU.Build.0 = Debug|Any CPU
		{16467451-C4F9-49DA-A99D-82DF3311AE27}.Release|Any CPU.ActiveCfg = Release|Any CPU
		{16467451-C4F9-49DA-A99D-82DF3311AE27}.Release|Any CPU.Build.0 = Release|Any CPU
		{C2FD481F-C13F-4079-AD27-82D4861ADA89}.Debug|Any CPU.ActiveCfg = Debug|Any CPU
		{C2FD481F-C13F-4079-AD27-82D4861ADA89}.Debug|Any CPU.Build.0 = Debug|Any CPU
		{C2FD481F-C13F-4079-AD27-82D4861ADA89}.Release|Any CPU.ActiveCfg = Release|Any CPU
		{C2FD481F-C13F-4079-AD27-82D4861ADA89}.Release|Any CPU.Build.0 = Release|Any CPU
		{EDB3FBB5-20E6-4922-8A65-9FE02894DF9C}.Debug|Any CPU.ActiveCfg = Debug|Any CPU
		{EDB3FBB5-20E6-4922-8A65-9FE02894DF9C}.Debug|Any CPU.Build.0 = Debug|Any CPU
		{EDB3FBB5-20E6-4922-8A65-9FE02894DF9C}.Release|Any CPU.ActiveCfg = Release|Any CPU
		{EDB3FBB5-20E6-4922-8A65-9FE02894DF9C}.Release|Any CPU.Build.0 = Release|Any CPU
		{38359D8F-D768-456C-A3D2-FF66FB100A48}.Debug|Any CPU.ActiveCfg = Debug|Any CPU
		{38359D8F-D768-456C-A3D2-FF66FB100A48}.Debug|Any CPU.Build.0 = Debug|Any CPU
		{38359D8F-D768-456C-A3D2-FF66FB100A48}.Release|Any CPU.ActiveCfg = Release|Any CPU
		{38359D8F-D768-456C-A3D2-FF66FB100A48}.Release|Any CPU.Build.0 = Release|Any CPU
		{CCFEF5EB-C747-4841-9B9C-E83961D13EFA}.Debug|Any CPU.ActiveCfg = Debug|Any CPU
		{CCFEF5EB-C747-4841-9B9C-E83961D13EFA}.Debug|Any CPU.Build.0 = Debug|Any CPU
		{CCFEF5EB-C747-4841-9B9C-E83961D13EFA}.Release|Any CPU.ActiveCfg = Release|Any CPU
		{CCFEF5EB-C747-4841-9B9C-E83961D13EFA}.Release|Any CPU.Build.0 = Release|Any CPU
		{05FC6532-6183-47E9-BCBC-6C510F1863FB}.Debug|Any CPU.ActiveCfg = Debug|Any CPU
		{05FC6532-6183-47E9-BCBC-6C510F1863FB}.Debug|Any CPU.Build.0 = Debug|Any CPU
		{05FC6532-6183-47E9-BCBC-6C510F1863FB}.Release|Any CPU.ActiveCfg = Release|Any CPU
		{05FC6532-6183-47E9-BCBC-6C510F1863FB}.Release|Any CPU.Build.0 = Release|Any CPU
		{3F669FD9-5C09-49DC-838C-37B38F388BE5}.Debug|Any CPU.ActiveCfg = Debug|Any CPU
		{3F669FD9-5C09-49DC-838C-37B38F388BE5}.Debug|Any CPU.Build.0 = Debug|Any CPU
		{3F669FD9-5C09-49DC-838C-37B38F388BE5}.Release|Any CPU.ActiveCfg = Release|Any CPU
		{3F669FD9-5C09-49DC-838C-37B38F388BE5}.Release|Any CPU.Build.0 = Release|Any CPU
	EndGlobalSection
	GlobalSection(SolutionProperties) = preSolution
		HideSolutionNode = FALSE
	EndGlobalSection
	GlobalSection(NestedProjects) = preSolution
		{811D30DB-3D54-422B-A9BC-27AD732789ED} = {02EA681E-C7D8-13C7-8484-4AC65E1B71E8}
		{8D02475A-EAE4-4F49-873F-C7BD6430131A} = {811D30DB-3D54-422B-A9BC-27AD732789ED}
		{7E292398-42D9-4089-B8DB-78FDD510D4E6} = {811D30DB-3D54-422B-A9BC-27AD732789ED}
		{409FFFB2-F677-48A0-A8D1-2752A610195F} = {811D30DB-3D54-422B-A9BC-27AD732789ED}
		{900D2898-B101-49C6-8D8E-AF636D3C06AA} = {811D30DB-3D54-422B-A9BC-27AD732789ED}
		{D18876EC-3E75-4A3F-AFB5-BE979B8E65B2} = {811D30DB-3D54-422B-A9BC-27AD732789ED}
		{16467451-C4F9-49DA-A99D-82DF3311AE27} = {811D30DB-3D54-422B-A9BC-27AD732789ED}
		{D2A12347-26E6-479E-9DEF-593B4F8402F5} = {02EA681E-C7D8-13C7-8484-4AC65E1B71E8}
		{C2FD481F-C13F-4079-AD27-82D4861ADA89} = {D2A12347-26E6-479E-9DEF-593B4F8402F5}
		{EDB3FBB5-20E6-4922-8A65-9FE02894DF9C} = {D2A12347-26E6-479E-9DEF-593B4F8402F5}
		{38359D8F-D768-456C-A3D2-FF66FB100A48} = {D2A12347-26E6-479E-9DEF-593B4F8402F5}
		{CCFEF5EB-C747-4841-9B9C-E83961D13EFA} = {D2A12347-26E6-479E-9DEF-593B4F8402F5}
		{05FC6532-6183-47E9-BCBC-6C510F1863FB} = {D2A12347-26E6-479E-9DEF-593B4F8402F5}
		{3F669FD9-5C09-49DC-838C-37B38F388BE5} = {D2A12347-26E6-479E-9DEF-593B4F8402F5}
	EndGlobalSection
	GlobalSection(ExtensibilityGlobals) = postSolution
		SolutionGuid = {995CC2BB-CAA8-4708-9513-656BBE56CE7E}
	EndGlobalSection
EndGlobal
